
Microsoft Visual Studio Solution File, Format Version 12.00
# Visual Studio Version 16
VisualStudioVersion = 16.0.30804.86
MinimumVisualStudioVersion = 10.0.40219.1
Project("{9A19103F-16F7-4668-BE54-9A1E7A4F7556}") = "OA.Data", "OA.Data\OA.Data.csproj", "{C4C4273E-A54A-4166-B4F8-E613F1D40158}"
EndProject
Project("{9A19103F-16F7-4668-BE54-9A1E7A4F7556}") = "OA.Repo", "OA.Repo\OA.Repo.csproj", "{13408915-AFC6-4451-84EE-A3F84C20086A}"
EndProject
Project("{9A19103F-16F7-4668-BE54-9A1E7A4F7556}") = "OA.Service", "OA.Service\OA.Service.csproj", "{6CD0F397-3156-4FDA-A439-6DD886CD1351}"
EndProject
Project("{FAE04EC0-301F-11D3-BF4B-00C04F79EFBC}") = "OA.Web", "OA.Web\OA.Web.csproj", "{7FE3FC54-5A7D-4FA5-9AFE-043C9E54749F}"
EndProject
Global
	GlobalSection(SolutionConfigurationPlatforms) = preSolution
		Debug|Any CPU = Debug|Any CPU
		Release|Any CPU = Release|Any CPU
	EndGlobalSection
	GlobalSection(ProjectConfigurationPlatforms) = postSolution
		{C4C4273E-A54A-4166-B4F8-E613F1D40158}.Debug|Any CPU.ActiveCfg = Debug|Any CPU
		{C4C4273E-A54A-4166-B4F8-E613F1D40158}.Debug|Any CPU.Build.0 = Debug|Any CPU
		{C4C4273E-A54A-4166-B4F8-E613F1D40158}.Release|Any CPU.ActiveCfg = Release|Any CPU
		{C4C4273E-A54A-4166-B4F8-E613F1D40158}.Release|Any CPU.Build.0 = Release|Any CPU
		{13408915-AFC6-4451-84EE-A3F84C20086A}.Debug|Any CPU.ActiveCfg = Debug|Any CPU
		{13408915-AFC6-4451-84EE-A3F84C20086A}.Debug|Any CPU.Build.0 = Debug|Any CPU
		{13408915-AFC6-4451-84EE-A3F84C20086A}.Release|Any CPU.ActiveCfg = Release|Any CPU
		{13408915-AFC6-4451-84EE-A3F84C20086A}.Release|Any CPU.Build.0 = Release|Any CPU
		{6CD0F397-3156-4FDA-A439-6DD886CD1351}.Debug|Any CPU.ActiveCfg = Debug|Any CPU
		{6CD0F397-3156-4FDA-A439-6DD886CD1351}.Debug|Any CPU.Build.0 = Debug|Any CPU
		{6CD0F397-3156-4FDA-A439-6DD886CD1351}.Release|Any CPU.ActiveCfg = Release|Any CPU
		{6CD0F397-3156-4FDA-A439-6DD886CD1351}.Release|Any CPU.Build.0 = Release|Any CPU
		{7FE3FC54-5A7D-4FA5-9AFE-043C9E54749F}.Debug|Any CPU.ActiveCfg = Debug|Any CPU
		{7FE3FC54-5A7D-4FA5-9AFE-043C9E54749F}.Debug|Any CPU.Build.0 = Debug|Any CPU
		{7FE3FC54-5A7D-4FA5-9AFE-043C9E54749F}.Release|Any CPU.ActiveCfg = Release|Any CPU
		{7FE3FC54-5A7D-4FA5-9AFE-043C9E54749F}.Release|Any CPU.Build.0 = Release|Any CPU
	EndGlobalSection
	GlobalSection(SolutionProperties) = preSolution
		HideSolutionNode = FALSE
	EndGlobalSection
	GlobalSection(ExtensibilityGlobals) = postSolution
		SolutionGuid = {B6656F83-F81D-4C1F-9BBF-31B9439E8D7F}
	EndGlobalSection
EndGlobal
